
Microsoft Visual Studio Solution File, Format Version 12.00
# Visual Studio 15
VisualStudioVersion = 15.0.27428.2015
MinimumVisualStudioVersion = 10.0.40219.1
Project("{FAE04EC0-301F-11D3-BF4B-00C04F79EFBC}") = "CosmosComputers.Web", "CosmosComputers.Web\CosmosComputers.Web.csproj", "{527DAEAB-A817-4527-A24B-663981B4758D}"
EndProject
Global
	GlobalSection(SolutionConfigurationPlatforms) = preSolution
		Debug|Any CPU = Debug|Any CPU
		Release|Any CPU = Release|Any CPU
	EndGlobalSection
	GlobalSection(ProjectConfigurationPlatforms) = postSolution
		{527DAEAB-A817-4527-A24B-663981B4758D}.Debug|Any CPU.ActiveCfg = Debug|Any CPU
		{527DAEAB-A817-4527-A24B-663981B4758D}.Debug|Any CPU.Build.0 = Debug|Any CPU
		{527DAEAB-A817-4527-A24B-663981B4758D}.Release|Any CPU.ActiveCfg = Release|Any CPU
		{527DAEAB-A817-4527-A24B-663981B4758D}.Release|Any CPU.Build.0 = Release|Any CPU
	EndGlobalSection
	GlobalSection(SolutionProperties) = preSolution
		HideSolutionNode = FALSE
	EndGlobalSection
	GlobalSection(ExtensibilityGlobals) = postSolution
		SolutionGuid = {3742CA96-B71A-4469-8828-EA6BB6337CB7}
	EndGlobalSection
EndGlobal
